// !$*UTF8*$!
{
	archiveVersion = 1;
	classes = {
	};
	objectVersion = 46;
	objects = {

/* Begin PBXBuildFile section */
		2AA2A0099ED597AE5D2A9F1B /* Pods_SaiKailashUITests.framework in Frameworks */ = {isa = PBXBuildFile; fileRef = 1663920FA0794AA4FB716C05 /* Pods_SaiKailashUITests.framework */; };
		E80282121EEAF447000FC80E /* sai_blessings.png in Resources */ = {isa = PBXBuildFile; fileRef = E80282111EEAF447000FC80E /* sai_blessings.png */; };
		E817F54D1EE99A7B00870C6C /* GoogleService-Info.plist in Resources */ = {isa = PBXBuildFile; fileRef = E817F54C1EE99A7B00870C6C /* GoogleService-Info.plist */; };
		E817F54E1EE99A7B00870C6C /* GoogleService-Info.plist in Resources */ = {isa = PBXBuildFile; fileRef = E817F54C1EE99A7B00870C6C /* GoogleService-Info.plist */; };
		E817F54F1EE99A7B00870C6C /* GoogleService-Info.plist in Resources */ = {isa = PBXBuildFile; fileRef = E817F54C1EE99A7B00870C6C /* GoogleService-Info.plist */; };
		E82D45A41EEC60F9005033F6 /* PastEventsController.swift in Sources */ = {isa = PBXBuildFile; fileRef = E82D45A31EEC60F9005033F6 /* PastEventsController.swift */; };
		E851B0841EE7243E00943F1F /* AppDelegate.swift in Sources */ = {isa = PBXBuildFile; fileRef = E851B0831EE7243E00943F1F /* AppDelegate.swift */; };
		E851B0861EE7243E00943F1F /* FirstViewController.swift in Sources */ = {isa = PBXBuildFile; fileRef = E851B0851EE7243E00943F1F /* FirstViewController.swift */; };
		E851B0881EE7243E00943F1F /* UpcomingEventsController.swift in Sources */ = {isa = PBXBuildFile; fileRef = E851B0871EE7243E00943F1F /* UpcomingEventsController.swift */; };
		E851B08B1EE7243E00943F1F /* Main.storyboard in Resources */ = {isa = PBXBuildFile; fileRef = E851B0891EE7243E00943F1F /* Main.storyboard */; };
		E851B08D1EE7243E00943F1F /* Assets.xcassets in Resources */ = {isa = PBXBuildFile; fileRef = E851B08C1EE7243E00943F1F /* Assets.xcassets */; };
		E851B0901EE7243E00943F1F /* LaunchScreen.storyboard in Resources */ = {isa = PBXBuildFile; fileRef = E851B08E1EE7243E00943F1F /* LaunchScreen.storyboard */; };
		E851B09B1EE7243F00943F1F /* SaiKailashTests.swift in Sources */ = {isa = PBXBuildFile; fileRef = E851B09A1EE7243F00943F1F /* SaiKailashTests.swift */; };
		E851B0A61EE7243F00943F1F /* SaiKailashUITests.swift in Sources */ = {isa = PBXBuildFile; fileRef = E851B0A51EE7243F00943F1F /* SaiKailashUITests.swift */; };
		E8A016BE157CA13422294158 /* Pods_SaiKailashTests.framework in Frameworks */ = {isa = PBXBuildFile; fileRef = 6EF445F5F4A81FAE072F656E /* Pods_SaiKailashTests.framework */; };
		FE254DEC056FAC7F09AB678F /* Pods_SaiKailash.framework in Frameworks */ = {isa = PBXBuildFile; fileRef = 6D27C09AB4C064468DFF2083 /* Pods_SaiKailash.framework */; };
/* End PBXBuildFile section */

/* Begin PBXContainerItemProxy section */
		E851B0971EE7243F00943F1F /* PBXContainerItemProxy */ = {
			isa = PBXContainerItemProxy;
			containerPortal = E851B0781EE7243E00943F1F /* Project object */;
			proxyType = 1;
			remoteGlobalIDString = E851B07F1EE7243E00943F1F;
			remoteInfo = SaiKailash;
		};
		E851B0A21EE7243F00943F1F /* PBXContainerItemProxy */ = {
			isa = PBXContainerItemProxy;
			containerPortal = E851B0781EE7243E00943F1F /* Project object */;
			proxyType = 1;
			remoteGlobalIDString = E851B07F1EE7243E00943F1F;
			remoteInfo = SaiKailash;
		};
/* End PBXContainerItemProxy section */

/* Begin PBXFileReference section */
		0996942CDF39372E6B48160C /* Pods-SaiKailash.debug.xcconfig */ = {isa = PBXFileReference; includeInIndex = 1; lastKnownFileType = text.xcconfig; name = "Pods-SaiKailash.debug.xcconfig"; path = "Pods/Target Support Files/Pods-SaiKailash/Pods-SaiKailash.debug.xcconfig"; sourceTree = "<group>"; };
		1663920FA0794AA4FB716C05 /* Pods_SaiKailashUITests.framework */ = {isa = PBXFileReference; explicitFileType = wrapper.framework; includeInIndex = 0; path = Pods_SaiKailashUITests.framework; sourceTree = BUILT_PRODUCTS_DIR; };
		5624962EB16451AA089D6135 /* Pods-SaiKailashTests.debug.xcconfig */ = {isa = PBXFileReference; includeInIndex = 1; lastKnownFileType = text.xcconfig; name = "Pods-SaiKailashTests.debug.xcconfig"; path = "Pods/Target Support Files/Pods-SaiKailashTests/Pods-SaiKailashTests.debug.xcconfig"; sourceTree = "<group>"; };
		5D426E11119954689D9926D2 /* Pods-SaiKailashTests.release.xcconfig */ = {isa = PBXFileReference; includeInIndex = 1; lastKnownFileType = text.xcconfig; name = "Pods-SaiKailashTests.release.xcconfig"; path = "Pods/Target Support Files/Pods-SaiKailashTests/Pods-SaiKailashTests.release.xcconfig"; sourceTree = "<group>"; };
		6D27C09AB4C064468DFF2083 /* Pods_SaiKailash.framework */ = {isa = PBXFileReference; explicitFileType = wrapper.framework; includeInIndex = 0; path = Pods_SaiKailash.framework; sourceTree = BUILT_PRODUCTS_DIR; };
		6EF445F5F4A81FAE072F656E /* Pods_SaiKailashTests.framework */ = {isa = PBXFileReference; explicitFileType = wrapper.framework; includeInIndex = 0; path = Pods_SaiKailashTests.framework; sourceTree = BUILT_PRODUCTS_DIR; };
		9B029D3BEFBC5CB3BCC35125 /* Pods-SaiKailashUITests.debug.xcconfig */ = {isa = PBXFileReference; includeInIndex = 1; lastKnownFileType = text.xcconfig; name = "Pods-SaiKailashUITests.debug.xcconfig"; path = "Pods/Target Support Files/Pods-SaiKailashUITests/Pods-SaiKailashUITests.debug.xcconfig"; sourceTree = "<group>"; };
		9E1126544C3D36965899916C /* Pods-SaiKailash.release.xcconfig */ = {isa = PBXFileReference; includeInIndex = 1; lastKnownFileType = text.xcconfig; name = "Pods-SaiKailash.release.xcconfig"; path = "Pods/Target Support Files/Pods-SaiKailash/Pods-SaiKailash.release.xcconfig"; sourceTree = "<group>"; };
		DF5B93D6C9E0EE38B81FC610 /* Pods-SaiKailashUITests.release.xcconfig */ = {isa = PBXFileReference; includeInIndex = 1; lastKnownFileType = text.xcconfig; name = "Pods-SaiKailashUITests.release.xcconfig"; path = "Pods/Target Support Files/Pods-SaiKailashUITests/Pods-SaiKailashUITests.release.xcconfig"; sourceTree = "<group>"; };
		E80282111EEAF447000FC80E /* sai_blessings.png */ = {isa = PBXFileReference; lastKnownFileType = image.png; name = sai_blessings.png; path = ../../../../Documents/sai_blessings.png; sourceTree = "<group>"; };
		E817F54C1EE99A7B00870C6C /* GoogleService-Info.plist */ = {isa = PBXFileReference; fileEncoding = 4; lastKnownFileType = text.plist.xml; name = "GoogleService-Info.plist"; path = "../../../../Downloads/GoogleService-Info.plist"; sourceTree = "<group>"; };
		E82D45A31EEC60F9005033F6 /* PastEventsController.swift */ = {isa = PBXFileReference; fileEncoding = 4; lastKnownFileType = sourcecode.swift; path = PastEventsController.swift; sourceTree = "<group>"; };
		E851B0801EE7243E00943F1F /* SaiKailash.app */ = {isa = PBXFileReference; explicitFileType = wrapper.application; includeInIndex = 0; path = SaiKailash.app; sourceTree = BUILT_PRODUCTS_DIR; };
		E851B0831EE7243E00943F1F /* AppDelegate.swift */ = {isa = PBXFileReference; lastKnownFileType = sourcecode.swift; path = AppDelegate.swift; sourceTree = "<group>"; };
		E851B0851EE7243E00943F1F /* FirstViewController.swift */ = {isa = PBXFileReference; lastKnownFileType = sourcecode.swift; path = FirstViewController.swift; sourceTree = "<group>"; };
		E851B0871EE7243E00943F1F /* UpcomingEventsController.swift */ = {isa = PBXFileReference; lastKnownFileType = sourcecode.swift; path = UpcomingEventsController.swift; sourceTree = "<group>"; };
		E851B08A1EE7243E00943F1F /* Base */ = {isa = PBXFileReference; lastKnownFileType = file.storyboard; name = Base; path = Base.lproj/Main.storyboard; sourceTree = "<group>"; };
		E851B08C1EE7243E00943F1F /* Assets.xcassets */ = {isa = PBXFileReference; lastKnownFileType = folder.assetcatalog; path = Assets.xcassets; sourceTree = "<group>"; };
		E851B08F1EE7243E00943F1F /* Base */ = {isa = PBXFileReference; lastKnownFileType = file.storyboard; name = Base; path = Base.lproj/LaunchScreen.storyboard; sourceTree = "<group>"; };
		E851B0911EE7243E00943F1F /* Info.plist */ = {isa = PBXFileReference; lastKnownFileType = text.plist.xml; path = Info.plist; sourceTree = "<group>"; };
		E851B0961EE7243F00943F1F /* SaiKailashTests.xctest */ = {isa = PBXFileReference; explicitFileType = wrapper.cfbundle; includeInIndex = 0; path = SaiKailashTests.xctest; sourceTree = BUILT_PRODUCTS_DIR; };
		E851B09A1EE7243F00943F1F /* SaiKailashTests.swift */ = {isa = PBXFileReference; lastKnownFileType = sourcecode.swift; path = SaiKailashTests.swift; sourceTree = "<group>"; };
		E851B09C1EE7243F00943F1F /* Info.plist */ = {isa = PBXFileReference; lastKnownFileType = text.plist.xml; path = Info.plist; sourceTree = "<group>"; };
		E851B0A11EE7243F00943F1F /* SaiKailashUITests.xctest */ = {isa = PBXFileReference; explicitFileType = wrapper.cfbundle; includeInIndex = 0; path = SaiKailashUITests.xctest; sourceTree = BUILT_PRODUCTS_DIR; };
		E851B0A51EE7243F00943F1F /* SaiKailashUITests.swift */ = {isa = PBXFileReference; lastKnownFileType = sourcecode.swift; path = SaiKailashUITests.swift; sourceTree = "<group>"; };
		E851B0A71EE7243F00943F1F /* Info.plist */ = {isa = PBXFileReference; lastKnownFileType = text.plist.xml; path = Info.plist; sourceTree = "<group>"; };
/* End PBXFileReference section */

/* Begin PBXFrameworksBuildPhase section */
		E851B07D1EE7243E00943F1F /* Frameworks */ = {
			isa = PBXFrameworksBuildPhase;
			buildActionMask = 2147483647;
			files = (
				FE254DEC056FAC7F09AB678F /* Pods_SaiKailash.framework in Frameworks */,
			);
			runOnlyForDeploymentPostprocessing = 0;
		};
		E851B0931EE7243E00943F1F /* Frameworks */ = {
			isa = PBXFrameworksBuildPhase;
			buildActionMask = 2147483647;
			files = (
				E8A016BE157CA13422294158 /* Pods_SaiKailashTests.framework in Frameworks */,
			);
			runOnlyForDeploymentPostprocessing = 0;
		};
		E851B09E1EE7243F00943F1F /* Frameworks */ = {
			isa = PBXFrameworksBuildPhase;
			buildActionMask = 2147483647;
			files = (
				2AA2A0099ED597AE5D2A9F1B /* Pods_SaiKailashUITests.framework in Frameworks */,
			);
			runOnlyForDeploymentPostprocessing = 0;
		};
/* End PBXFrameworksBuildPhase section */

/* Begin PBXGroup section */
		6C4C8EC5A1B6A0F2FB2D6572 /* Frameworks */ = {
			isa = PBXGroup;
			children = (
				6D27C09AB4C064468DFF2083 /* Pods_SaiKailash.framework */,
				6EF445F5F4A81FAE072F656E /* Pods_SaiKailashTests.framework */,
				1663920FA0794AA4FB716C05 /* Pods_SaiKailashUITests.framework */,
			);
			name = Frameworks;
			sourceTree = "<group>";
		};
		6CE8B09C9C4656D32B807796 /* Pods */ = {
			isa = PBXGroup;
			children = (
				0996942CDF39372E6B48160C /* Pods-SaiKailash.debug.xcconfig */,
				9E1126544C3D36965899916C /* Pods-SaiKailash.release.xcconfig */,
				5624962EB16451AA089D6135 /* Pods-SaiKailashTests.debug.xcconfig */,
				5D426E11119954689D9926D2 /* Pods-SaiKailashTests.release.xcconfig */,
				9B029D3BEFBC5CB3BCC35125 /* Pods-SaiKailashUITests.debug.xcconfig */,
				DF5B93D6C9E0EE38B81FC610 /* Pods-SaiKailashUITests.release.xcconfig */,
			);
			name = Pods;
			sourceTree = "<group>";
		};
		E851B0771EE7243E00943F1F = {
			isa = PBXGroup;
			children = (
				E851B0821EE7243E00943F1F /* SaiKailash */,
				E851B0991EE7243F00943F1F /* SaiKailashTests */,
				E851B0A41EE7243F00943F1F /* SaiKailashUITests */,
				E851B0811EE7243E00943F1F /* Products */,
				6CE8B09C9C4656D32B807796 /* Pods */,
				6C4C8EC5A1B6A0F2FB2D6572 /* Frameworks */,
			);
			sourceTree = "<group>";
		};
		E851B0811EE7243E00943F1F /* Products */ = {
			isa = PBXGroup;
			children = (
				E851B0801EE7243E00943F1F /* SaiKailash.app */,
				E851B0961EE7243F00943F1F /* SaiKailashTests.xctest */,
				E851B0A11EE7243F00943F1F /* SaiKailashUITests.xctest */,
			);
			name = Products;
			sourceTree = "<group>";
		};
		E851B0821EE7243E00943F1F /* SaiKailash */ = {
			isa = PBXGroup;
			children = (
				E80282111EEAF447000FC80E /* sai_blessings.png */,
				E851B0831EE7243E00943F1F /* AppDelegate.swift */,
				E851B0851EE7243E00943F1F /* FirstViewController.swift */,
				E851B0871EE7243E00943F1F /* UpcomingEventsController.swift */,
				E851B0891EE7243E00943F1F /* Main.storyboard */,
				E851B08C1EE7243E00943F1F /* Assets.xcassets */,
				E851B08E1EE7243E00943F1F /* LaunchScreen.storyboard */,
				E817F54C1EE99A7B00870C6C /* GoogleService-Info.plist */,
				E851B0911EE7243E00943F1F /* Info.plist */,
				E82D45A31EEC60F9005033F6 /* PastEventsController.swift */,
			);
			path = SaiKailash;
			sourceTree = "<group>";
		};
		E851B0991EE7243F00943F1F /* SaiKailashTests */ = {
			isa = PBXGroup;
			children = (
				E851B09A1EE7243F00943F1F /* SaiKailashTests.swift */,
				E851B09C1EE7243F00943F1F /* Info.plist */,
			);
			path = SaiKailashTests;
			sourceTree = "<group>";
		};
		E851B0A41EE7243F00943F1F /* SaiKailashUITests */ = {
			isa = PBXGroup;
			children = (
				E851B0A51EE7243F00943F1F /* SaiKailashUITests.swift */,
				E851B0A71EE7243F00943F1F /* Info.plist */,
			);
			path = SaiKailashUITests;
			sourceTree = "<group>";
		};
/* End PBXGroup section */

/* Begin PBXNativeTarget section */
		E851B07F1EE7243E00943F1F /* SaiKailash */ = {
			isa = PBXNativeTarget;
			buildConfigurationList = E851B0AA1EE7243F00943F1F /* Build configuration list for PBXNativeTarget "SaiKailash" */;
			buildPhases = (
				4C2247F44AE693EC3B40F452 /* [CP] Check Pods Manifest.lock */,
				E851B07C1EE7243E00943F1F /* Sources */,
				E851B07D1EE7243E00943F1F /* Frameworks */,
				E851B07E1EE7243E00943F1F /* Resources */,
				A99380B66FA5F745C12A28C6 /* [CP] Embed Pods Frameworks */,
				F9D9770F3B0AD20E2D7D38F5 /* [CP] Copy Pods Resources */,
			);
			buildRules = (
			);
			dependencies = (
			);
			name = SaiKailash;
			productName = SaiKailash;
			productReference = E851B0801EE7243E00943F1F /* SaiKailash.app */;
			productType = "com.apple.product-type.application";
		};
		E851B0951EE7243E00943F1F /* SaiKailashTests */ = {
			isa = PBXNativeTarget;
			buildConfigurationList = E851B0AD1EE7243F00943F1F /* Build configuration list for PBXNativeTarget "SaiKailashTests" */;
			buildPhases = (
				33C55C4B67958054717E4AE5 /* [CP] Check Pods Manifest.lock */,
				E851B0921EE7243E00943F1F /* Sources */,
				E851B0931EE7243E00943F1F /* Frameworks */,
				E851B0941EE7243E00943F1F /* Resources */,
				7A857AD10A5F88F75A329698 /* [CP] Embed Pods Frameworks */,
				CBF87FB38EE5E61EA4C9D3B2 /* [CP] Copy Pods Resources */,
			);
			buildRules = (
			);
			dependencies = (
				E851B0981EE7243F00943F1F /* PBXTargetDependency */,
			);
			name = SaiKailashTests;
			productName = SaiKailashTests;
			productReference = E851B0961EE7243F00943F1F /* SaiKailashTests.xctest */;
			productType = "com.apple.product-type.bundle.unit-test";
		};
		E851B0A01EE7243F00943F1F /* SaiKailashUITests */ = {
			isa = PBXNativeTarget;
			buildConfigurationList = E851B0B01EE7243F00943F1F /* Build configuration list for PBXNativeTarget "SaiKailashUITests" */;
			buildPhases = (
				0A43ACCF95F52BBCFD502079 /* [CP] Check Pods Manifest.lock */,
				E851B09D1EE7243F00943F1F /* Sources */,
				E851B09E1EE7243F00943F1F /* Frameworks */,
				E851B09F1EE7243F00943F1F /* Resources */,
				95C0EEF8719E5B46F48FD820 /* [CP] Embed Pods Frameworks */,
				75F264BF24AA0CC98F0B5A39 /* [CP] Copy Pods Resources */,
			);
			buildRules = (
			);
			dependencies = (
				E851B0A31EE7243F00943F1F /* PBXTargetDependency */,
			);
			name = SaiKailashUITests;
			productName = SaiKailashUITests;
			productReference = E851B0A11EE7243F00943F1F /* SaiKailashUITests.xctest */;
			productType = "com.apple.product-type.bundle.ui-testing";
		};
/* End PBXNativeTarget section */

/* Begin PBXProject section */
		E851B0781EE7243E00943F1F /* Project object */ = {
			isa = PBXProject;
			attributes = {
				LastSwiftUpdateCheck = 0830;
				LastUpgradeCheck = 0830;
				ORGANIZATIONNAME = abilashr;
				TargetAttributes = {
					E851B07F1EE7243E00943F1F = {
						CreatedOnToolsVersion = 8.3.2;
						DevelopmentTeam = 648PCQCDMR;
						ProvisioningStyle = Automatic;
					};
					E851B0951EE7243E00943F1F = {
						CreatedOnToolsVersion = 8.3.2;
						DevelopmentTeam = 648PCQCDMR;
						ProvisioningStyle = Automatic;
						TestTargetID = E851B07F1EE7243E00943F1F;
					};
					E851B0A01EE7243F00943F1F = {
						CreatedOnToolsVersion = 8.3.2;
						DevelopmentTeam = 648PCQCDMR;
						ProvisioningStyle = Automatic;
						TestTargetID = E851B07F1EE7243E00943F1F;
					};
				};
			};
			buildConfigurationList = E851B07B1EE7243E00943F1F /* Build configuration list for PBXProject "SaiKailash" */;
			compatibilityVersion = "Xcode 3.2";
			developmentRegion = English;
			hasScannedForEncodings = 0;
			knownRegions = (
				en,
				Base,
			);
			mainGroup = E851B0771EE7243E00943F1F;
			productRefGroup = E851B0811EE7243E00943F1F /* Products */;
			projectDirPath = "";
			projectRoot = "";
			targets = (
				E851B07F1EE7243E00943F1F /* SaiKailash */,
				E851B0951EE7243E00943F1F /* SaiKailashTests */,
				E851B0A01EE7243F00943F1F /* SaiKailashUITests */,
			);
		};
/* End PBXProject section */

/* Begin PBXResourcesBuildPhase section */
		E851B07E1EE7243E00943F1F /* Resources */ = {
			isa = PBXResourcesBuildPhase;
			buildActionMask = 2147483647;
			files = (
				E851B0901EE7243E00943F1F /* LaunchScreen.storyboard in Resources */,
				E817F54D1EE99A7B00870C6C /* GoogleService-Info.plist in Resources */,
				E851B08D1EE7243E00943F1F /* Assets.xcassets in Resources */,
				E851B08B1EE7243E00943F1F /* Main.storyboard in Resources */,
				E80282121EEAF447000FC80E /* sai_blessings.png in Resources */,
			);
			runOnlyForDeploymentPostprocessing = 0;
		};
		E851B0941EE7243E00943F1F /* Resources */ = {
			isa = PBXResourcesBuildPhase;
			buildActionMask = 2147483647;
			files = (
				E817F54E1EE99A7B00870C6C /* GoogleService-Info.plist in Resources */,
			);
			runOnlyForDeploymentPostprocessing = 0;
		};
		E851B09F1EE7243F00943F1F /* Resources */ = {
			isa = PBXResourcesBuildPhase;
			buildActionMask = 2147483647;
			files = (
				E817F54F1EE99A7B00870C6C /* GoogleService-Info.plist in Resources */,
			);
			runOnlyForDeploymentPostprocessing = 0;
		};
/* End PBXResourcesBuildPhase section */

/* Begin PBXShellScriptBuildPhase section */
		0A43ACCF95F52BBCFD502079 /* [CP] Check Pods Manifest.lock */ = {
			isa = PBXShellScriptBuildPhase;
			buildActionMask = 2147483647;
			files = (
			);
			inputPaths = (
			);
			name = "[CP] Check Pods Manifest.lock";
			outputPaths = (
			);
			runOnlyForDeploymentPostprocessing = 0;
			shellPath = /bin/sh;
			shellScript = "diff \"${PODS_PODFILE_DIR_PATH}/Podfile.lock\" \"${PODS_ROOT}/Manifest.lock\" > /dev/null\nif [ $? != 0 ] ; then\n    # print error to STDERR\n    echo \"error: The sandbox is not in sync with the Podfile.lock. Run 'pod install' or update your CocoaPods installation.\" >&2\n    exit 1\nfi\n";
			showEnvVarsInLog = 0;
		};
		33C55C4B67958054717E4AE5 /* [CP] Check Pods Manifest.lock */ = {
			isa = PBXShellScriptBuildPhase;
			buildActionMask = 2147483647;
			files = (
			);
			inputPaths = (
			);
			name = "[CP] Check Pods Manifest.lock";
			outputPaths = (
			);
			runOnlyForDeploymentPostprocessing = 0;
			shellPath = /bin/sh;
			shellScript = "diff \"${PODS_PODFILE_DIR_PATH}/Podfile.lock\" \"${PODS_ROOT}/Manifest.lock\" > /dev/null\nif [ $? != 0 ] ; then\n    # print error to STDERR\n    echo \"error: The sandbox is not in sync with the Podfile.lock. Run 'pod install' or update your CocoaPods installation.\" >&2\n    exit 1\nfi\n";
			showEnvVarsInLog = 0;
		};
		4C2247F44AE693EC3B40F452 /* [CP] Check Pods Manifest.lock */ = {
			isa = PBXShellScriptBuildPhase;
			buildActionMask = 2147483647;
			files = (
			);
			inputPaths = (
			);
			name = "[CP] Check Pods Manifest.lock";
			outputPaths = (
			);
			runOnlyForDeploymentPostprocessing = 0;
			shellPath = /bin/sh;
			shellScript = "diff \"${PODS_PODFILE_DIR_PATH}/Podfile.lock\" \"${PODS_ROOT}/Manifest.lock\" > /dev/null\nif [ $? != 0 ] ; then\n    # print error to STDERR\n    echo \"error: The sandbox is not in sync with the Podfile.lock. Run 'pod install' or update your CocoaPods installation.\" >&2\n    exit 1\nfi\n";
			showEnvVarsInLog = 0;
		};
		75F264BF24AA0CC98F0B5A39 /* [CP] Copy Pods Resources */ = {
			isa = PBXShellScriptBuildPhase;
			buildActionMask = 2147483647;
			files = (
			);
			inputPaths = (
			);
			name = "[CP] Copy Pods Resources";
			outputPaths = (
			);
			runOnlyForDeploymentPostprocessing = 0;
			shellPath = /bin/sh;
			shellScript = "\"${SRCROOT}/Pods/Target Support Files/Pods-SaiKailashUITests/Pods-SaiKailashUITests-resources.sh\"\n";
			showEnvVarsInLog = 0;
		};
		7A857AD10A5F88F75A329698 /* [CP] Embed Pods Frameworks */ = {
			isa = PBXShellScriptBuildPhase;
			buildActionMask = 2147483647;
			files = (
			);
			inputPaths = (
			);
			name = "[CP] Embed Pods Frameworks";
			outputPaths = (
			);
			runOnlyForDeploymentPostprocessing = 0;
			shellPath = /bin/sh;
			shellScript = "\"${SRCROOT}/Pods/Target Support Files/Pods-SaiKailashTests/Pods-SaiKailashTests-frameworks.sh\"\n";
			showEnvVarsInLog = 0;
		};
		95C0EEF8719E5B46F48FD820 /* [CP] Embed Pods Frameworks */ = {
			isa = PBXShellScriptBuildPhase;
			buildActionMask = 2147483647;
			files = (
			);
			inputPaths = (
			);
			name = "[CP] Embed Pods Frameworks";
			outputPaths = (
			);
			runOnlyForDeploymentPostprocessing = 0;
			shellPath = /bin/sh;
			shellScript = "\"${SRCROOT}/Pods/Target Support Files/Pods-SaiKailashUITests/Pods-SaiKailashUITests-frameworks.sh\"\n";
			showEnvVarsInLog = 0;
		};
		A99380B66FA5F745C12A28C6 /* [CP] Embed Pods Frameworks */ = {
			isa = PBXShellScriptBuildPhase;
			buildActionMask = 2147483647;
			files = (
			);
			inputPaths = (
			);
			name = "[CP] Embed Pods Frameworks";
			outputPaths = (
			);
			runOnlyForDeploymentPostprocessing = 0;
			shellPath = /bin/sh;
			shellScript = "\"${SRCROOT}/Pods/Target Support Files/Pods-SaiKailash/Pods-SaiKailash-frameworks.sh\"\n";
			showEnvVarsInLog = 0;
		};
		CBF87FB38EE5E61EA4C9D3B2 /* [CP] Copy Pods Resources */ = {
			isa = PBXShellScriptBuildPhase;
			buildActionMask = 2147483647;
			files = (
			);
			inputPaths = (
			);
			name = "[CP] Copy Pods Resources";
			outputPaths = (
			);
			runOnlyForDeploymentPostprocessing = 0;
			shellPath = /bin/sh;
			shellScript = "\"${SRCROOT}/Pods/Target Support Files/Pods-SaiKailashTests/Pods-SaiKailashTests-resources.sh\"\n";
			showEnvVarsInLog = 0;
		};
		F9D9770F3B0AD20E2D7D38F5 /* [CP] Copy Pods Resources */ = {
			isa = PBXShellScriptBuildPhase;
			buildActionMask = 2147483647;
			files = (
			);
			inputPaths = (
			);
			name = "[CP] Copy Pods Resources";
			outputPaths = (
			);
			runOnlyForDeploymentPostprocessing = 0;
			shellPath = /bin/sh;
			shellScript = "\"${SRCROOT}/Pods/Target Support Files/Pods-SaiKailash/Pods-SaiKailash-resources.sh\"\n";
			showEnvVarsInLog = 0;
		};
/* End PBXShellScriptBuildPhase section */

/* Begin PBXSourcesBuildPhase section */
		E851B07C1EE7243E00943F1F /* Sources */ = {
			isa = PBXSourcesBuildPhase;
			buildActionMask = 2147483647;
			files = (
				E82D45A41EEC60F9005033F6 /* PastEventsController.swift in Sources */,
				E851B0881EE7243E00943F1F /* UpcomingEventsController.swift in Sources */,
				E851B0841EE7243E00943F1F /* AppDelegate.swift in Sources */,
				E851B0861EE7243E00943F1F /* FirstViewController.swift in Sources */,
			);
			runOnlyForDeploymentPostprocessing = 0;
		};
		E851B0921EE7243E00943F1F /* Sources */ = {
			isa = PBXSourcesBuildPhase;
			buildActionMask = 2147483647;
			files = (
				E851B09B1EE7243F00943F1F /* SaiKailashTests.swift in Sources */,
			);
			runOnlyForDeploymentPostprocessing = 0;
		};
		E851B09D1EE7243F00943F1F /* Sources */ = {
			isa = PBXSourcesBuildPhase;
			buildActionMask = 2147483647;
			files = (
				E851B0A61EE7243F00943F1F /* SaiKailashUITests.swift in Sources */,
			);
			runOnlyForDeploymentPostprocessing = 0;
		};
/* End PBXSourcesBuildPhase section */

/* Begin PBXTargetDependency section */
		E851B0981EE7243F00943F1F /* PBXTargetDependency */ = {
			isa = PBXTargetDependency;
			target = E851B07F1EE7243E00943F1F /* SaiKailash */;
			targetProxy = E851B0971EE7243F00943F1F /* PBXContainerItemProxy */;
		};
		E851B0A31EE7243F00943F1F /* PBXTargetDependency */ = {
			isa = PBXTargetDependency;
			target = E851B07F1EE7243E00943F1F /* SaiKailash */;
			targetProxy = E851B0A21EE7243F00943F1F /* PBXContainerItemProxy */;
		};
/* End PBXTargetDependency section */

/* Begin PBXVariantGroup section */
		E851B0891EE7243E00943F1F /* Main.storyboard */ = {
			isa = PBXVariantGroup;
			children = (
				E851B08A1EE7243E00943F1F /* Base */,
			);
			name = Main.storyboard;
			sourceTree = "<group>";
		};
		E851B08E1EE7243E00943F1F /* LaunchScreen.storyboard */ = {
			isa = PBXVariantGroup;
			children = (
				E851B08F1EE7243E00943F1F /* Base */,
			);
			name = LaunchScreen.storyboard;
			sourceTree = "<group>";
		};
/* End PBXVariantGroup section */

/* Begin XCBuildConfiguration section */
		E851B0A81EE7243F00943F1F /* Debug */ = {
			isa = XCBuildConfiguration;
			buildSettings = {
				ALWAYS_SEARCH_USER_PATHS = NO;
				CLANG_ANALYZER_NONNULL = YES;
				CLANG_ANALYZER_NUMBER_OBJECT_CONVERSION = YES_AGGRESSIVE;
				CLANG_CXX_LANGUAGE_STANDARD = "gnu++0x";
				CLANG_CXX_LIBRARY = "libc++";
				CLANG_ENABLE_MODULES = YES;
				CLANG_ENABLE_OBJC_ARC = YES;
				CLANG_WARN_BOOL_CONVERSION = YES;
				CLANG_WARN_CONSTANT_CONVERSION = YES;
				CLANG_WARN_DIRECT_OBJC_ISA_USAGE = YES_ERROR;
				CLANG_WARN_DOCUMENTATION_COMMENTS = YES;
				CLANG_WARN_EMPTY_BODY = YES;
				CLANG_WARN_ENUM_CONVERSION = YES;
				CLANG_WARN_INFINITE_RECURSION = YES;
				CLANG_WARN_INT_CONVERSION = YES;
				CLANG_WARN_OBJC_ROOT_CLASS = YES_ERROR;
				CLANG_WARN_SUSPICIOUS_MOVE = YES;
				CLANG_WARN_UNREACHABLE_CODE = YES;
				CLANG_WARN__DUPLICATE_METHOD_MATCH = YES;
				"CODE_SIGN_IDENTITY[sdk=iphoneos*]" = "iPhone Developer";
				COPY_PHASE_STRIP = NO;
				DEBUG_INFORMATION_FORMAT = dwarf;
				ENABLE_STRICT_OBJC_MSGSEND = YES;
				ENABLE_TESTABILITY = YES;
				GCC_C_LANGUAGE_STANDARD = gnu99;
				GCC_DYNAMIC_NO_PIC = NO;
				GCC_NO_COMMON_BLOCKS = YES;
				GCC_OPTIMIZATION_LEVEL = 0;
				GCC_PREPROCESSOR_DEFINITIONS = (
					"DEBUG=1",
					"$(inherited)",
				);
				GCC_WARN_64_TO_32_BIT_CONVERSION = YES;
				GCC_WARN_ABOUT_RETURN_TYPE = YES_ERROR;
				GCC_WARN_UNDECLARED_SELECTOR = YES;
				GCC_WARN_UNINITIALIZED_AUTOS = YES_AGGRESSIVE;
				GCC_WARN_UNUSED_FUNCTION = YES;
				GCC_WARN_UNUSED_VARIABLE = YES;
				IPHONEOS_DEPLOYMENT_TARGET = 10.3;
				MTL_ENABLE_DEBUG_INFO = YES;
				ONLY_ACTIVE_ARCH = YES;
				SDKROOT = iphoneos;
				SWIFT_ACTIVE_COMPILATION_CONDITIONS = DEBUG;
				SWIFT_OPTIMIZATION_LEVEL = "-Onone";
				TARGETED_DEVICE_FAMILY = "1,2";
			};
			name = Debug;
		};
		E851B0A91EE7243F00943F1F /* Release */ = {
			isa = XCBuildConfiguration;
			buildSettings = {
				ALWAYS_SEARCH_USER_PATHS = NO;
				CLANG_ANALYZER_NONNULL = YES;
				CLANG_ANALYZER_NUMBER_OBJECT_CONVERSION = YES_AGGRESSIVE;
				CLANG_CXX_LANGUAGE_STANDARD = "gnu++0x";
				CLANG_CXX_LIBRARY = "libc++";
				CLANG_ENABLE_MODULES = YES;
				CLANG_ENABLE_OBJC_ARC = YES;
				CLANG_WARN_BOOL_CONVERSION = YES;
				CLANG_WARN_CONSTANT_CONVERSION = YES;
				CLANG_WARN_DIRECT_OBJC_ISA_USAGE = YES_ERROR;
				CLANG_WARN_DOCUMENTATION_COMMENTS = YES;
				CLANG_WARN_EMPTY_BODY = YES;
				CLANG_WARN_ENUM_CONVERSION = YES;
				CLANG_WARN_INFINITE_RECURSION = YES;
				CLANG_WARN_INT_CONVERSION = YES;
				CLANG_WARN_OBJC_ROOT_CLASS = YES_ERROR;
				CLANG_WARN_SUSPICIOUS_MOVE = YES;
				CLANG_WARN_UNREACHABLE_CODE = YES;
				CLANG_WARN__DUPLICATE_METHOD_MATCH = YES;
				"CODE_SIGN_IDENTITY[sdk=iphoneos*]" = "iPhone Developer";
				COPY_PHASE_STRIP = NO;
				DEBUG_INFORMATION_FORMAT = "dwarf-with-dsym";
				ENABLE_NS_ASSERTIONS = NO;
				ENABLE_STRICT_OBJC_MSGSEND = YES;
				GCC_C_LANGUAGE_STANDARD = gnu99;
				GCC_NO_COMMON_BLOCKS = YES;
				GCC_WARN_64_TO_32_BIT_CONVERSION = YES;
				GCC_WARN_ABOUT_RETURN_TYPE = YES_ERROR;
				GCC_WARN_UNDECLARED_SELECTOR = YES;
				GCC_WARN_UNINITIALIZED_AUTOS = YES_AGGRESSIVE;
				GCC_WARN_UNUSED_FUNCTION = YES;
				GCC_WARN_UNUSED_VARIABLE = YES;
				IPHONEOS_DEPLOYMENT_TARGET = 10.3;
				MTL_ENABLE_DEBUG_INFO = NO;
				SDKROOT = iphoneos;
				SWIFT_OPTIMIZATION_LEVEL = "-Owholemodule";
				TARGETED_DEVICE_FAMILY = "1,2";
				VALIDATE_PRODUCT = YES;
			};
			name = Release;
		};
		E851B0AB1EE7243F00943F1F /* Debug */ = {
			isa = XCBuildConfiguration;
			baseConfigurationReference = 0996942CDF39372E6B48160C /* Pods-SaiKailash.debug.xcconfig */;
			buildSettings = {
				ASSETCATALOG_COMPILER_APPICON_NAME = AppIcon;
				DEVELOPMENT_TEAM = 648PCQCDMR;
				INFOPLIST_FILE = SaiKailash/Info.plist;
				LD_RUNPATH_SEARCH_PATHS = "$(inherited) @executable_path/Frameworks";
				PRODUCT_BUNDLE_IDENTIFIER = abilash.SaiKailash;
				PRODUCT_NAME = "$(TARGET_NAME)";
				SWIFT_VERSION = 3.0;
			};
			name = Debug;
		};
		E851B0AC1EE7243F00943F1F /* Release */ = {
			isa = XCBuildConfiguration;
			baseConfigurationReference = 9E1126544C3D36965899916C /* Pods-SaiKailash.release.xcconfig */;
			buildSettings = {
				ASSETCATALOG_COMPILER_APPICON_NAME = AppIcon;
				DEVELOPMENT_TEAM = 648PCQCDMR;
				INFOPLIST_FILE = SaiKailash/Info.plist;
				LD_RUNPATH_SEARCH_PATHS = "$(inherited) @executable_path/Frameworks";
				PRODUCT_BUNDLE_IDENTIFIER = abilash.SaiKailash;
				PRODUCT_NAME = "$(TARGET_NAME)";
				SWIFT_VERSION = 3.0;
			};
			name = Release;
		};
		E851B0AE1EE7243F00943F1F /* Debug */ = {
			isa = XCBuildConfiguration;
			baseConfigurationReference = 5624962EB16451AA089D6135 /* Pods-SaiKailashTests.debug.xcconfig */;
			buildSettings = {
				ALWAYS_EMBED_SWIFT_STANDARD_LIBRARIES = YES;
				BUNDLE_LOADER = "$(TEST_HOST)";
				DEVELOPMENT_TEAM = 648PCQCDMR;
				INFOPLIST_FILE = SaiKailashTests/Info.plist;
				LD_RUNPATH_SEARCH_PATHS = "$(inherited) @executable_path/Frameworks @loader_path/Frameworks";
				PRODUCT_BUNDLE_IDENTIFIER = abilash.SaiKailashTests;
				PRODUCT_NAME = "$(TARGET_NAME)";
				SWIFT_VERSION = 3.0;
				TEST_HOST = "$(BUILT_PRODUCTS_DIR)/SaiKailash.app/SaiKailash";
			};
			name = Debug;
		};
		E851B0AF1EE7243F00943F1F /* Release */ = {
			isa = XCBuildConfiguration;
			baseConfigurationReference = 5D426E11119954689D9926D2 /* Pods-SaiKailashTests.release.xcconfig */;
			buildSettings = {
				ALWAYS_EMBED_SWIFT_STANDARD_LIBRARIES = YES;
				BUNDLE_LOADER = "$(TEST_HOST)";
				DEVELOPMENT_TEAM = 648PCQCDMR;
				INFOPLIST_FILE = SaiKailashTests/Info.plist;
				LD_RUNPATH_SEARCH_PATHS = "$(inherited) @executable_path/Frameworks @loader_path/Frameworks";
				PRODUCT_BUNDLE_IDENTIFIER = abilash.SaiKailashTests;
				PRODUCT_NAME = "$(TARGET_NAME)";
				SWIFT_VERSION = 3.0;
				TEST_HOST = "$(BUILT_PRODUCTS_DIR)/SaiKailash.app/SaiKailash";
			};
			name = Release;
		};
		E851B0B11EE7243F00943F1F /* Debug */ = {
			isa = XCBuildConfiguration;
			baseConfigurationReference = 9B029D3BEFBC5CB3BCC35125 /* Pods-SaiKailashUITests.debug.xcconfig */;
			buildSettings = {
				ALWAYS_EMBED_SWIFT_STANDARD_LIBRARIES = YES;
				DEVELOPMENT_TEAM = 648PCQCDMR;
				INFOPLIST_FILE = SaiKailashUITests/Info.plist;
				LD_RUNPATH_SEARCH_PATHS = "$(inherited) @executable_path/Frameworks @loader_path/Frameworks";
				PRODUCT_BUNDLE_IDENTIFIER = abilash.SaiKailashUITests;
				PRODUCT_NAME = "$(TARGET_NAME)";
				SWIFT_VERSION = 3.0;
				TEST_TARGET_NAME = SaiKailash;
			};
			name = Debug;
		};
		E851B0B21EE7243F00943F1F /* Release */ = {
			isa = XCBuildConfiguration;
			baseConfigurationReference = DF5B93D6C9E0EE38B81FC610 /* Pods-SaiKailashUITests.release.xcconfig */;
			buildSettings = {
				ALWAYS_EMBED_SWIFT_STANDARD_LIBRARIES = YES;
				DEVELOPMENT_TEAM = 648PCQCDMR;
				INFOPLIST_FILE = SaiKailashUITests/Info.plist;
				LD_RUNPATH_SEARCH_PATHS = "$(inherited) @executable_path/Frameworks @loader_path/Frameworks";
				PRODUCT_BUNDLE_IDENTIFIER = abilash.SaiKailashUITests;
				PRODUCT_NAME = "$(TARGET_NAME)";
				SWIFT_VERSION = 3.0;
				TEST_TARGET_NAME = SaiKailash;
			};
			name = Release;
		};
/* End XCBuildConfiguration section */

/* Begin XCConfigurationList section */
		E851B07B1EE7243E00943F1F /* Build configuration list for PBXProject "SaiKailash" */ = {
			isa = XCConfigurationList;
			buildConfigurations = (
				E851B0A81EE7243F00943F1F /* Debug */,
				E851B0A91EE7243F00943F1F /* Release */,
			);
			defaultConfigurationIsVisible = 0;
			defaultConfigurationName = Release;
		};
		E851B0AA1EE7243F00943F1F /* Build configuration list for PBXNativeTarget "SaiKailash" */ = {
			isa = XCConfigurationList;
			buildConfigurations = (
				E851B0AB1EE7243F00943F1F /* Debug */,
				E851B0AC1EE7243F00943F1F /* Release */,
			);
			defaultConfigurationIsVisible = 0;
			defaultConfigurationName = Release;
		};
		E851B0AD1EE7243F00943F1F /* Build configuration list for PBXNativeTarget "SaiKailashTests" */ = {
			isa = XCConfigurationList;
			buildConfigurations = (
				E851B0AE1EE7243F00943F1F /* Debug */,
				E851B0AF1EE7243F00943F1F /* Release */,
			);
			defaultConfigurationIsVisible = 0;
			defaultConfigurationName = Release;
		};
		E851B0B01EE7243F00943F1F /* Build configuration list for PBXNativeTarget "SaiKailashUITests" */ = {
			isa = XCConfigurationList;
			buildConfigurations = (
				E851B0B11EE7243F00943F1F /* Debug */,
				E851B0B21EE7243F00943F1F /* Release */,
			);
			defaultConfigurationIsVisible = 0;
			defaultConfigurationName = Release;
		};
/* End XCConfigurationList section */
	};
	rootObject = E851B0781EE7243E00943F1F /* Project object */;
}
